
Microsoft Visual Studio Solution File, Format Version 12.00
# Visual Studio Version 17
VisualStudioVersion = 17.5.002.0
MinimumVisualStudioVersion = 10.0.40219.1
Project("{9A19103F-16F7-4668-BE54-9A1E7A4F7556}") = "day3", "day3.csproj", "{46F4A964-B857-4982-93D4-929E2AB333B6}"
EndProject
Global
	GlobalSection(SolutionConfigurationPlatforms) = preSolution
		Debug|Any CPU = Debug|Any CPU
		Release|Any CPU = Release|Any CPU
	EndGlobalSection
	GlobalSection(ProjectConfigurationPlatforms) = postSolution
		{46F4A964-B857-4982-93D4-929E2AB333B6}.Debug|Any CPU.ActiveCfg = Debug|Any CPU
		{46F4A964-B857-4982-93D4-929E2AB333B6}.Debug|Any CPU.Build.0 = Debug|Any CPU
		{46F4A964-B857-4982-93D4-929E2AB333B6}.Release|Any CPU.ActiveCfg = Release|Any CPU
		{46F4A964-B857-4982-93D4-929E2AB333B6}.Release|Any CPU.Build.0 = Release|Any CPU
	EndGlobalSection
	GlobalSection(SolutionProperties) = preSolution
		HideSolutionNode = FALSE
	EndGlobalSection
	GlobalSection(ExtensibilityGlobals) = postSolution
		SolutionGuid = {647B5B8C-F439-4121-B3BB-173E3C4A21B6}
	EndGlobalSection
EndGlobal
